
Microsoft Visual Studio Solution File, Format Version 12.00
# Visual Studio Version 17
VisualStudioVersion = 17.0.32112.339
MinimumVisualStudioVersion = 10.0.40219.1
Project("{FAE04EC0-301F-11D3-BF4B-00C04F79EFBC}") = "FindMaximum", "FindMaximum.csproj", "{F806AF9F-AA5E-44A7-B616-98F340EDC7B8}"
EndProject
Global
	GlobalSection(SolutionConfigurationPlatforms) = preSolution
		Debug|Any CPU = Debug|Any CPU
		Release|Any CPU = Release|Any CPU
	EndGlobalSection
	GlobalSection(ProjectConfigurationPlatforms) = postSolution
		{F806AF9F-AA5E-44A7-B616-98F340EDC7B8}.Debug|Any CPU.ActiveCfg = Debug|Any CPU
		{F806AF9F-AA5E-44A7-B616-98F340EDC7B8}.Debug|Any CPU.Build.0 = Debug|Any CPU
		{F806AF9F-AA5E-44A7-B616-98F340EDC7B8}.Release|Any CPU.ActiveCfg = Release|Any CPU
		{F806AF9F-AA5E-44A7-B616-98F340EDC7B8}.Release|Any CPU.Build.0 = Release|Any CPU
	EndGlobalSection
	GlobalSection(SolutionProperties) = preSolution
		HideSolutionNode = FALSE
	EndGlobalSection
	GlobalSection(ExtensibilityGlobals) = postSolution
		SolutionGuid = {7F56CCEA-DBC0-43BE-B710-D09724140AAC}
	EndGlobalSection
EndGlobal
